
Microsoft Visual Studio Solution File, Format Version 12.00
# Visual Studio Version 17
VisualStudioVersion = 17.4.33205.214
MinimumVisualStudioVersion = 10.0.40219.1
Project("{2150E333-8FDC-42A3-9474-1A3956D46DE8}") = "Services", "Services", "{672427ED-6ADD-40E9-9CF0-0E139BA3FC95}"
EndProject
Project("{2150E333-8FDC-42A3-9474-1A3956D46DE8}") = "Infrastructure", "Infrastructure", "{9D164557-56A0-44FB-9B6F-4AA8454D9AA9}"
EndProject
Project("{2150E333-8FDC-42A3-9474-1A3956D46DE8}") = "Catalog", "Catalog", "{83FFDBEF-2D9E-450F-B534-C9DC706C04C1}"
EndProject
Project("{9A19103F-16F7-4668-BE54-9A1E7A4F7556}") = "Catalog.Core", "Services\Catalog\Catalog.Core\Catalog.Core.csproj", "{59FC3056-D35C-43CC-81E4-A82E5B10A9FC}"
EndProject
Project("{9A19103F-16F7-4668-BE54-9A1E7A4F7556}") = "Catalog.Application", "Services\Catalog\Catalog.Application\Catalog.Application.csproj", "{98FEA5CC-3C2C-43BF-AD5E-AB7C8CB220CD}"
EndProject
Project("{9A19103F-16F7-4668-BE54-9A1E7A4F7556}") = "Catalog.Infrastructure", "Services\Catalog\Catalog.Infrastructure\Catalog.Infrastructure.csproj", "{2E0ED58B-1429-48F6-AD7A-5642100A4B98}"
EndProject
Project("{FAE04EC0-301F-11D3-BF4B-00C04F79EFBC}") = "Catalog.API", "Services\Catalog\Catalog.API\Catalog.API.csproj", "{44A340FD-8535-4CBF-8F4F-62CA038421BC}"
EndProject
Project("{E53339B2-1760-4266-BCC7-CA923CBCF16C}") = "docker-compose", "docker-compose.dcproj", "{9C6ED110-C4B8-4E62-BFF9-F15AE6510E9F}"
EndProject
Global
	GlobalSection(SolutionConfigurationPlatforms) = preSolution
		Debug|Any CPU = Debug|Any CPU
		Release|Any CPU = Release|Any CPU
	EndGlobalSection
	GlobalSection(ProjectConfigurationPlatforms) = postSolution
		{59FC3056-D35C-43CC-81E4-A82E5B10A9FC}.Debug|Any CPU.ActiveCfg = Debug|Any CPU
		{59FC3056-D35C-43CC-81E4-A82E5B10A9FC}.Debug|Any CPU.Build.0 = Debug|Any CPU
		{59FC3056-D35C-43CC-81E4-A82E5B10A9FC}.Release|Any CPU.ActiveCfg = Release|Any CPU
		{59FC3056-D35C-43CC-81E4-A82E5B10A9FC}.Release|Any CPU.Build.0 = Release|Any CPU
		{98FEA5CC-3C2C-43BF-AD5E-AB7C8CB220CD}.Debug|Any CPU.ActiveCfg = Debug|Any CPU
		{98FEA5CC-3C2C-43BF-AD5E-AB7C8CB220CD}.Debug|Any CPU.Build.0 = Debug|Any CPU
		{98FEA5CC-3C2C-43BF-AD5E-AB7C8CB220CD}.Release|Any CPU.ActiveCfg = Release|Any CPU
		{98FEA5CC-3C2C-43BF-AD5E-AB7C8CB220CD}.Release|Any CPU.Build.0 = Release|Any CPU
		{2E0ED58B-1429-48F6-AD7A-5642100A4B98}.Debug|Any CPU.ActiveCfg = Debug|Any CPU
		{2E0ED58B-1429-48F6-AD7A-5642100A4B98}.Debug|Any CPU.Build.0 = Debug|Any CPU
		{2E0ED58B-1429-48F6-AD7A-5642100A4B98}.Release|Any CPU.ActiveCfg = Release|Any CPU
		{2E0ED58B-1429-48F6-AD7A-5642100A4B98}.Release|Any CPU.Build.0 = Release|Any CPU
		{44A340FD-8535-4CBF-8F4F-62CA038421BC}.Debug|Any CPU.ActiveCfg = Debug|Any CPU
		{44A340FD-8535-4CBF-8F4F-62CA038421BC}.Debug|Any CPU.Build.0 = Debug|Any CPU
		{44A340FD-8535-4CBF-8F4F-62CA038421BC}.Release|Any CPU.ActiveCfg = Release|Any CPU
		{44A340FD-8535-4CBF-8F4F-62CA038421BC}.Release|Any CPU.Build.0 = Release|Any CPU
		{9C6ED110-C4B8-4E62-BFF9-F15AE6510E9F}.Debug|Any CPU.ActiveCfg = Debug|Any CPU
		{9C6ED110-C4B8-4E62-BFF9-F15AE6510E9F}.Debug|Any CPU.Build.0 = Debug|Any CPU
		{9C6ED110-C4B8-4E62-BFF9-F15AE6510E9F}.Release|Any CPU.ActiveCfg = Release|Any CPU
		{9C6ED110-C4B8-4E62-BFF9-F15AE6510E9F}.Release|Any CPU.Build.0 = Release|Any CPU
	EndGlobalSection
	GlobalSection(SolutionProperties) = preSolution
		HideSolutionNode = FALSE
	EndGlobalSection
	GlobalSection(NestedProjects) = preSolution
		{83FFDBEF-2D9E-450F-B534-C9DC706C04C1} = {672427ED-6ADD-40E9-9CF0-0E139BA3FC95}
		{59FC3056-D35C-43CC-81E4-A82E5B10A9FC} = {83FFDBEF-2D9E-450F-B534-C9DC706C04C1}
		{98FEA5CC-3C2C-43BF-AD5E-AB7C8CB220CD} = {83FFDBEF-2D9E-450F-B534-C9DC706C04C1}
		{2E0ED58B-1429-48F6-AD7A-5642100A4B98} = {83FFDBEF-2D9E-450F-B534-C9DC706C04C1}
		{44A340FD-8535-4CBF-8F4F-62CA038421BC} = {83FFDBEF-2D9E-450F-B534-C9DC706C04C1}
	EndGlobalSection
	GlobalSection(ExtensibilityGlobals) = postSolution
		SolutionGuid = {DE68697C-54C5-4059-9978-52B00BE05B46}
	EndGlobalSection
EndGlobal
