
Microsoft Visual Studio Solution File, Format Version 12.00
# Visual Studio Version 17
VisualStudioVersion = 17.4.33205.214
MinimumVisualStudioVersion = 10.0.40219.1
Project("{2150E333-8FDC-42A3-9474-1A3956D46DE8}") = "Services", "Services", "{672427ED-6ADD-40E9-9CF0-0E139BA3FC95}"
EndProject
Project("{2150E333-8FDC-42A3-9474-1A3956D46DE8}") = "Infrastructure", "Infrastructure", "{9D164557-56A0-44FB-9B6F-4AA8454D9AA9}"
EndProject
Project("{2150E333-8FDC-42A3-9474-1A3956D46DE8}") = "Catalog", "Catalog", "{83FFDBEF-2D9E-450F-B534-C9DC706C04C1}"
EndProject
Project("{9A19103F-16F7-4668-BE54-9A1E7A4F7556}") = "Catalog.Core", "Services\Catalog\Catalog.Core\Catalog.Core.csproj", "{59FC3056-D35C-43CC-81E4-A82E5B10A9FC}"
EndProject
Project("{9A19103F-16F7-4668-BE54-9A1E7A4F7556}") = "Catalog.Application", "Services\Catalog\Catalog.Application\Catalog.Application.csproj", "{98FEA5CC-3C2C-43BF-AD5E-AB7C8CB220CD}"
EndProject
Project("{9A19103F-16F7-4668-BE54-9A1E7A4F7556}") = "Catalog.Infrastructure", "Services\Catalog\Catalog.Infrastructure\Catalog.Infrastructure.csproj", "{2E0ED58B-1429-48F6-AD7A-5642100A4B98}"
EndProject
Project("{9A19103F-16F7-4668-BE54-9A1E7A4F7556}") = "Catalog.API", "Services\Catalog\Catalog.API\Catalog.API.csproj", "{44A340FD-8535-4CBF-8F4F-62CA038421BC}"
EndProject
Project("{E53339B2-1760-4266-BCC7-CA923CBCF16C}") = "docker-compose", "docker-compose.dcproj", "{9C6ED110-C4B8-4E62-BFF9-F15AE6510E9F}"
EndProject
Project("{2150E333-8FDC-42A3-9474-1A3956D46DE8}") = "Basket", "Basket", "{9FAB3FA1-CFD3-428E-A191-484DFFC34B28}"
EndProject
Project("{9A19103F-16F7-4668-BE54-9A1E7A4F7556}") = "Basket.Core", "Services\Basket\Basket.Core\Basket.Core.csproj", "{1C2BCBC0-758B-49CF-94B3-FE730250DFFC}"
EndProject
Project("{9A19103F-16F7-4668-BE54-9A1E7A4F7556}") = "Basket.Application", "Services\Basket\Basket.Application\Basket.Application.csproj", "{D960A7FA-B84B-4680-AAB2-03A849AAB0F4}"
EndProject
Project("{9A19103F-16F7-4668-BE54-9A1E7A4F7556}") = "Basket.Infrastructure", "Services\Basket\Basket.Infrastructure\Basket.Infrastructure.csproj", "{8CB736B7-F941-4205-8674-F44A129BA115}"
EndProject
Project("{9A19103F-16F7-4668-BE54-9A1E7A4F7556}") = "Basket.API", "Services\Basket\Basket.API\Basket.API.csproj", "{17DA2104-24C5-4A5A-8F70-BCF2E5111464}"
EndProject
Project("{2150E333-8FDC-42A3-9474-1A3956D46DE8}") = "Discount", "Discount", "{04C8C24F-D64F-4669-B84D-D60DBC1393B5}"
EndProject
Project("{9A19103F-16F7-4668-BE54-9A1E7A4F7556}") = "Discount.Core", "Services\Discount\Discount.Core\Discount.Core.csproj", "{E727D18A-537A-458E-9E13-3B7678AE139B}"
EndProject
Project("{9A19103F-16F7-4668-BE54-9A1E7A4F7556}") = "Discount.Application", "Services\Discount\Discount.Application\Discount.Application.csproj", "{7985FD05-4502-48A0-AD72-D6078A83C281}"
EndProject
Project("{9A19103F-16F7-4668-BE54-9A1E7A4F7556}") = "Discount.Infrastructure", "Services\Discount\Discount.Infrastructure\Discount.Infrastructure.csproj", "{D79B8E6C-6B9E-466C-B291-25893E763347}"
EndProject
Project("{9A19103F-16F7-4668-BE54-9A1E7A4F7556}") = "Discount.API", "Services\Discount\Discount.API\Discount.API.csproj", "{D38B30F9-3E6E-4545-9477-3C29716EA910}"
EndProject
Project("{2150E333-8FDC-42A3-9474-1A3956D46DE8}") = "Ordering", "Ordering", "{A7A89031-1153-4370-8911-CC15EADF8F77}"
EndProject
Project("{FAE04EC0-301F-11D3-BF4B-00C04F79EFBC}") = "Ordering.Core", "Services\Ordering\Ordering.Core\Ordering.Core.csproj", "{46368C9C-ECA7-461A-995F-A3FB54A0F1E8}"
EndProject
Project("{FAE04EC0-301F-11D3-BF4B-00C04F79EFBC}") = "Ordering.Application", "Services\Ordering\Ordering.Application\Ordering.Application.csproj", "{BC06B36C-06EA-418A-94B6-50E99C16D813}"
EndProject
Project("{FAE04EC0-301F-11D3-BF4B-00C04F79EFBC}") = "Ordering.Infrastructure", "Services\Ordering\Ordering.Infrastructure\Ordering.Infrastructure.csproj", "{73CCA729-117C-41E2-9E27-7B3FA31602A1}"
EndProject
Project("{FAE04EC0-301F-11D3-BF4B-00C04F79EFBC}") = "Ordering.API", "Services\Ordering\Ordering.API\Ordering.API.csproj", "{C6192123-14CD-4662-A283-69672F129FCE}"
EndProject
Global
	GlobalSection(SolutionConfigurationPlatforms) = preSolution
		Debug|Any CPU = Debug|Any CPU
		Release|Any CPU = Release|Any CPU
	EndGlobalSection
	GlobalSection(ProjectConfigurationPlatforms) = postSolution
		{59FC3056-D35C-43CC-81E4-A82E5B10A9FC}.Debug|Any CPU.ActiveCfg = Debug|Any CPU
		{59FC3056-D35C-43CC-81E4-A82E5B10A9FC}.Debug|Any CPU.Build.0 = Debug|Any CPU
		{59FC3056-D35C-43CC-81E4-A82E5B10A9FC}.Release|Any CPU.ActiveCfg = Release|Any CPU
		{59FC3056-D35C-43CC-81E4-A82E5B10A9FC}.Release|Any CPU.Build.0 = Release|Any CPU
		{98FEA5CC-3C2C-43BF-AD5E-AB7C8CB220CD}.Debug|Any CPU.ActiveCfg = Debug|Any CPU
		{98FEA5CC-3C2C-43BF-AD5E-AB7C8CB220CD}.Debug|Any CPU.Build.0 = Debug|Any CPU
		{98FEA5CC-3C2C-43BF-AD5E-AB7C8CB220CD}.Release|Any CPU.ActiveCfg = Release|Any CPU
		{98FEA5CC-3C2C-43BF-AD5E-AB7C8CB220CD}.Release|Any CPU.Build.0 = Release|Any CPU
		{2E0ED58B-1429-48F6-AD7A-5642100A4B98}.Debug|Any CPU.ActiveCfg = Debug|Any CPU
		{2E0ED58B-1429-48F6-AD7A-5642100A4B98}.Debug|Any CPU.Build.0 = Debug|Any CPU
		{2E0ED58B-1429-48F6-AD7A-5642100A4B98}.Release|Any CPU.ActiveCfg = Release|Any CPU
		{2E0ED58B-1429-48F6-AD7A-5642100A4B98}.Release|Any CPU.Build.0 = Release|Any CPU
		{44A340FD-8535-4CBF-8F4F-62CA038421BC}.Debug|Any CPU.ActiveCfg = Debug|Any CPU
		{44A340FD-8535-4CBF-8F4F-62CA038421BC}.Debug|Any CPU.Build.0 = Debug|Any CPU
		{44A340FD-8535-4CBF-8F4F-62CA038421BC}.Release|Any CPU.ActiveCfg = Release|Any CPU
		{44A340FD-8535-4CBF-8F4F-62CA038421BC}.Release|Any CPU.Build.0 = Release|Any CPU
		{9C6ED110-C4B8-4E62-BFF9-F15AE6510E9F}.Debug|Any CPU.ActiveCfg = Debug|Any CPU
		{9C6ED110-C4B8-4E62-BFF9-F15AE6510E9F}.Debug|Any CPU.Build.0 = Debug|Any CPU
		{9C6ED110-C4B8-4E62-BFF9-F15AE6510E9F}.Release|Any CPU.ActiveCfg = Release|Any CPU
		{9C6ED110-C4B8-4E62-BFF9-F15AE6510E9F}.Release|Any CPU.Build.0 = Release|Any CPU
		{1C2BCBC0-758B-49CF-94B3-FE730250DFFC}.Debug|Any CPU.ActiveCfg = Debug|Any CPU
		{1C2BCBC0-758B-49CF-94B3-FE730250DFFC}.Debug|Any CPU.Build.0 = Debug|Any CPU
		{1C2BCBC0-758B-49CF-94B3-FE730250DFFC}.Release|Any CPU.ActiveCfg = Release|Any CPU
		{1C2BCBC0-758B-49CF-94B3-FE730250DFFC}.Release|Any CPU.Build.0 = Release|Any CPU
		{D960A7FA-B84B-4680-AAB2-03A849AAB0F4}.Debug|Any CPU.ActiveCfg = Debug|Any CPU
		{D960A7FA-B84B-4680-AAB2-03A849AAB0F4}.Debug|Any CPU.Build.0 = Debug|Any CPU
		{D960A7FA-B84B-4680-AAB2-03A849AAB0F4}.Release|Any CPU.ActiveCfg = Release|Any CPU
		{D960A7FA-B84B-4680-AAB2-03A849AAB0F4}.Release|Any CPU.Build.0 = Release|Any CPU
		{8CB736B7-F941-4205-8674-F44A129BA115}.Debug|Any CPU.ActiveCfg = Debug|Any CPU
		{8CB736B7-F941-4205-8674-F44A129BA115}.Debug|Any CPU.Build.0 = Debug|Any CPU
		{8CB736B7-F941-4205-8674-F44A129BA115}.Release|Any CPU.ActiveCfg = Release|Any CPU
		{8CB736B7-F941-4205-8674-F44A129BA115}.Release|Any CPU.Build.0 = Release|Any CPU
		{17DA2104-24C5-4A5A-8F70-BCF2E5111464}.Debug|Any CPU.ActiveCfg = Debug|Any CPU
		{17DA2104-24C5-4A5A-8F70-BCF2E5111464}.Debug|Any CPU.Build.0 = Debug|Any CPU
		{17DA2104-24C5-4A5A-8F70-BCF2E5111464}.Release|Any CPU.ActiveCfg = Release|Any CPU
		{17DA2104-24C5-4A5A-8F70-BCF2E5111464}.Release|Any CPU.Build.0 = Release|Any CPU
		{E727D18A-537A-458E-9E13-3B7678AE139B}.Debug|Any CPU.ActiveCfg = Debug|Any CPU
		{E727D18A-537A-458E-9E13-3B7678AE139B}.Debug|Any CPU.Build.0 = Debug|Any CPU
		{E727D18A-537A-458E-9E13-3B7678AE139B}.Release|Any CPU.ActiveCfg = Release|Any CPU
		{E727D18A-537A-458E-9E13-3B7678AE139B}.Release|Any CPU.Build.0 = Release|Any CPU
		{7985FD05-4502-48A0-AD72-D6078A83C281}.Debug|Any CPU.ActiveCfg = Debug|Any CPU
		{7985FD05-4502-48A0-AD72-D6078A83C281}.Debug|Any CPU.Build.0 = Debug|Any CPU
		{7985FD05-4502-48A0-AD72-D6078A83C281}.Release|Any CPU.ActiveCfg = Release|Any CPU
		{7985FD05-4502-48A0-AD72-D6078A83C281}.Release|Any CPU.Build.0 = Release|Any CPU
		{D79B8E6C-6B9E-466C-B291-25893E763347}.Debug|Any CPU.ActiveCfg = Debug|Any CPU
		{D79B8E6C-6B9E-466C-B291-25893E763347}.Debug|Any CPU.Build.0 = Debug|Any CPU
		{D79B8E6C-6B9E-466C-B291-25893E763347}.Release|Any CPU.ActiveCfg = Release|Any CPU
		{D79B8E6C-6B9E-466C-B291-25893E763347}.Release|Any CPU.Build.0 = Release|Any CPU
		{D38B30F9-3E6E-4545-9477-3C29716EA910}.Debug|Any CPU.ActiveCfg = Debug|Any CPU
		{D38B30F9-3E6E-4545-9477-3C29716EA910}.Debug|Any CPU.Build.0 = Debug|Any CPU
		{D38B30F9-3E6E-4545-9477-3C29716EA910}.Release|Any CPU.ActiveCfg = Release|Any CPU
		{D38B30F9-3E6E-4545-9477-3C29716EA910}.Release|Any CPU.Build.0 = Release|Any CPU
		{46368C9C-ECA7-461A-995F-A3FB54A0F1E8}.Debug|Any CPU.ActiveCfg = Debug|Any CPU
		{46368C9C-ECA7-461A-995F-A3FB54A0F1E8}.Debug|Any CPU.Build.0 = Debug|Any CPU
		{46368C9C-ECA7-461A-995F-A3FB54A0F1E8}.Release|Any CPU.ActiveCfg = Release|Any CPU
		{46368C9C-ECA7-461A-995F-A3FB54A0F1E8}.Release|Any CPU.Build.0 = Release|Any CPU
		{BC06B36C-06EA-418A-94B6-50E99C16D813}.Debug|Any CPU.ActiveCfg = Debug|Any CPU
		{BC06B36C-06EA-418A-94B6-50E99C16D813}.Debug|Any CPU.Build.0 = Debug|Any CPU
		{BC06B36C-06EA-418A-94B6-50E99C16D813}.Release|Any CPU.ActiveCfg = Release|Any CPU
		{BC06B36C-06EA-418A-94B6-50E99C16D813}.Release|Any CPU.Build.0 = Release|Any CPU
		{73CCA729-117C-41E2-9E27-7B3FA31602A1}.Debug|Any CPU.ActiveCfg = Debug|Any CPU
		{73CCA729-117C-41E2-9E27-7B3FA31602A1}.Debug|Any CPU.Build.0 = Debug|Any CPU
		{73CCA729-117C-41E2-9E27-7B3FA31602A1}.Release|Any CPU.ActiveCfg = Release|Any CPU
		{73CCA729-117C-41E2-9E27-7B3FA31602A1}.Release|Any CPU.Build.0 = Release|Any CPU
		{C6192123-14CD-4662-A283-69672F129FCE}.Debug|Any CPU.ActiveCfg = Debug|Any CPU
		{C6192123-14CD-4662-A283-69672F129FCE}.Debug|Any CPU.Build.0 = Debug|Any CPU
		{C6192123-14CD-4662-A283-69672F129FCE}.Release|Any CPU.ActiveCfg = Release|Any CPU
		{C6192123-14CD-4662-A283-69672F129FCE}.Release|Any CPU.Build.0 = Release|Any CPU
	EndGlobalSection
	GlobalSection(SolutionProperties) = preSolution
		HideSolutionNode = FALSE
	EndGlobalSection
	GlobalSection(NestedProjects) = preSolution
		{83FFDBEF-2D9E-450F-B534-C9DC706C04C1} = {672427ED-6ADD-40E9-9CF0-0E139BA3FC95}
		{59FC3056-D35C-43CC-81E4-A82E5B10A9FC} = {83FFDBEF-2D9E-450F-B534-C9DC706C04C1}
		{98FEA5CC-3C2C-43BF-AD5E-AB7C8CB220CD} = {83FFDBEF-2D9E-450F-B534-C9DC706C04C1}
		{2E0ED58B-1429-48F6-AD7A-5642100A4B98} = {83FFDBEF-2D9E-450F-B534-C9DC706C04C1}
		{44A340FD-8535-4CBF-8F4F-62CA038421BC} = {83FFDBEF-2D9E-450F-B534-C9DC706C04C1}
		{9FAB3FA1-CFD3-428E-A191-484DFFC34B28} = {672427ED-6ADD-40E9-9CF0-0E139BA3FC95}
		{1C2BCBC0-758B-49CF-94B3-FE730250DFFC} = {9FAB3FA1-CFD3-428E-A191-484DFFC34B28}
		{D960A7FA-B84B-4680-AAB2-03A849AAB0F4} = {9FAB3FA1-CFD3-428E-A191-484DFFC34B28}
		{8CB736B7-F941-4205-8674-F44A129BA115} = {9FAB3FA1-CFD3-428E-A191-484DFFC34B28}
		{17DA2104-24C5-4A5A-8F70-BCF2E5111464} = {9FAB3FA1-CFD3-428E-A191-484DFFC34B28}
		{04C8C24F-D64F-4669-B84D-D60DBC1393B5} = {672427ED-6ADD-40E9-9CF0-0E139BA3FC95}
		{E727D18A-537A-458E-9E13-3B7678AE139B} = {04C8C24F-D64F-4669-B84D-D60DBC1393B5}
		{7985FD05-4502-48A0-AD72-D6078A83C281} = {04C8C24F-D64F-4669-B84D-D60DBC1393B5}
		{D79B8E6C-6B9E-466C-B291-25893E763347} = {04C8C24F-D64F-4669-B84D-D60DBC1393B5}
		{D38B30F9-3E6E-4545-9477-3C29716EA910} = {04C8C24F-D64F-4669-B84D-D60DBC1393B5}
		{A7A89031-1153-4370-8911-CC15EADF8F77} = {672427ED-6ADD-40E9-9CF0-0E139BA3FC95}
		{46368C9C-ECA7-461A-995F-A3FB54A0F1E8} = {A7A89031-1153-4370-8911-CC15EADF8F77}
		{BC06B36C-06EA-418A-94B6-50E99C16D813} = {A7A89031-1153-4370-8911-CC15EADF8F77}
		{73CCA729-117C-41E2-9E27-7B3FA31602A1} = {A7A89031-1153-4370-8911-CC15EADF8F77}
		{C6192123-14CD-4662-A283-69672F129FCE} = {A7A89031-1153-4370-8911-CC15EADF8F77}
	EndGlobalSection
	GlobalSection(ExtensibilityGlobals) = postSolution
		SolutionGuid = {DE68697C-54C5-4059-9978-52B00BE05B46}
	EndGlobalSection
EndGlobal
